// !$*UTF8*$!
{
	archiveVersion = 1;
	classes = {
	};
	objectVersion = 56;
	objects = {

/* Begin PBXBuildFile section */
		037C687129618957004E4C38 /* TwitterSwiftUIApp.swift in Sources */ = {isa = PBXBuildFile; fileRef = 037C687029618957004E4C38 /* TwitterSwiftUIApp.swift */; };
		037C687329618957004E4C38 /* ContentView.swift in Sources */ = {isa = PBXBuildFile; fileRef = 037C687229618957004E4C38 /* ContentView.swift */; };
		037C687529618957004E4C38 /* Assets.xcassets in Resources */ = {isa = PBXBuildFile; fileRef = 037C687429618957004E4C38 /* Assets.xcassets */; };
		037C687829618957004E4C38 /* Preview Assets.xcassets in Resources */ = {isa = PBXBuildFile; fileRef = 037C687729618957004E4C38 /* Preview Assets.xcassets */; };
		037C688729618A49004E4C38 /* FeedView.swift in Sources */ = {isa = PBXBuildFile; fileRef = 037C688629618A49004E4C38 /* FeedView.swift */; };
		037C688A29618B85004E4C38 /* TweetRowView.swift in Sources */ = {isa = PBXBuildFile; fileRef = 037C688929618B85004E4C38 /* TweetRowView.swift */; };
		037C688D296191E9004E4C38 /* MainTabView.swift in Sources */ = {isa = PBXBuildFile; fileRef = 037C688C296191E9004E4C38 /* MainTabView.swift */; };
		037C6893296192D1004E4C38 /* ExploreView.swift in Sources */ = {isa = PBXBuildFile; fileRef = 037C6892296192D1004E4C38 /* ExploreView.swift */; };
		037C6895296192E5004E4C38 /* NotificationsView.swift in Sources */ = {isa = PBXBuildFile; fileRef = 037C6894296192E5004E4C38 /* NotificationsView.swift */; };
		037C6897296192F7004E4C38 /* MessagesView.swift in Sources */ = {isa = PBXBuildFile; fileRef = 037C6896296192F7004E4C38 /* MessagesView.swift */; };
		037C689B29619624004E4C38 /* ProfileView.swift in Sources */ = {isa = PBXBuildFile; fileRef = 037C689A29619624004E4C38 /* ProfileView.swift */; };
/* End PBXBuildFile section */

/* Begin PBXFileReference section */
		037C686D29618957004E4C38 /* TwitterSwiftUI.app */ = {isa = PBXFileReference; explicitFileType = wrapper.application; includeInIndex = 0; path = TwitterSwiftUI.app; sourceTree = BUILT_PRODUCTS_DIR; };
		037C687029618957004E4C38 /* TwitterSwiftUIApp.swift */ = {isa = PBXFileReference; lastKnownFileType = sourcecode.swift; path = TwitterSwiftUIApp.swift; sourceTree = "<group>"; };
		037C687229618957004E4C38 /* ContentView.swift */ = {isa = PBXFileReference; lastKnownFileType = sourcecode.swift; path = ContentView.swift; sourceTree = "<group>"; };
		037C687429618957004E4C38 /* Assets.xcassets */ = {isa = PBXFileReference; lastKnownFileType = folder.assetcatalog; path = Assets.xcassets; sourceTree = "<group>"; };
		037C687729618957004E4C38 /* Preview Assets.xcassets */ = {isa = PBXFileReference; lastKnownFileType = folder.assetcatalog; path = "Preview Assets.xcassets"; sourceTree = "<group>"; };
		037C688629618A49004E4C38 /* FeedView.swift */ = {isa = PBXFileReference; lastKnownFileType = sourcecode.swift; path = FeedView.swift; sourceTree = "<group>"; };
		037C688929618B85004E4C38 /* TweetRowView.swift */ = {isa = PBXFileReference; lastKnownFileType = sourcecode.swift; path = TweetRowView.swift; sourceTree = "<group>"; };
		037C688C296191E9004E4C38 /* MainTabView.swift */ = {isa = PBXFileReference; lastKnownFileType = sourcecode.swift; path = MainTabView.swift; sourceTree = "<group>"; };
		037C6892296192D1004E4C38 /* ExploreView.swift */ = {isa = PBXFileReference; lastKnownFileType = sourcecode.swift; path = ExploreView.swift; sourceTree = "<group>"; };
		037C6894296192E5004E4C38 /* NotificationsView.swift */ = {isa = PBXFileReference; lastKnownFileType = sourcecode.swift; path = NotificationsView.swift; sourceTree = "<group>"; };
		037C6896296192F7004E4C38 /* MessagesView.swift */ = {isa = PBXFileReference; lastKnownFileType = sourcecode.swift; path = MessagesView.swift; sourceTree = "<group>"; };
		037C689A29619624004E4C38 /* ProfileView.swift */ = {isa = PBXFileReference; lastKnownFileType = sourcecode.swift; path = ProfileView.swift; sourceTree = "<group>"; };
/* End PBXFileReference section */

/* Begin PBXFrameworksBuildPhase section */
		037C686A29618957004E4C38 /* Frameworks */ = {
			isa = PBXFrameworksBuildPhase;
			buildActionMask = 2147483647;
			files = (
			);
			runOnlyForDeploymentPostprocessing = 0;
		};
/* End PBXFrameworksBuildPhase section */

/* Begin PBXGroup section */
		037C686429618956004E4C38 = {
			isa = PBXGroup;
			children = (
				037C686F29618957004E4C38 /* TwitterSwiftUI */,
				037C686E29618957004E4C38 /* Products */,
			);
			sourceTree = "<group>";
		};
		037C686E29618957004E4C38 /* Products */ = {
			isa = PBXGroup;
			children = (
				037C686D29618957004E4C38 /* TwitterSwiftUI.app */,
			);
			name = Products;
			sourceTree = "<group>";
		};
		037C686F29618957004E4C38 /* TwitterSwiftUI */ = {
			isa = PBXGroup;
			children = (
				037C687E2961896D004E4C38 /* Extenstions */,
				037C687F29618991004E4C38 /* Model */,
				037C68802961899A004E4C38 /* Service */,
				037C6881296189A3004E4C38 /* Core */,
				037C687029618957004E4C38 /* TwitterSwiftUIApp.swift */,
				037C687229618957004E4C38 /* ContentView.swift */,
				037C687429618957004E4C38 /* Assets.xcassets */,
				037C687629618957004E4C38 /* Preview Content */,
			);
			path = TwitterSwiftUI;
			sourceTree = "<group>";
		};
		037C687629618957004E4C38 /* Preview Content */ = {
			isa = PBXGroup;
			children = (
				037C687729618957004E4C38 /* Preview Assets.xcassets */,
			);
			path = "Preview Content";
			sourceTree = "<group>";
		};
		037C687E2961896D004E4C38 /* Extenstions */ = {
			isa = PBXGroup;
			children = (
			);
			path = Extenstions;
			sourceTree = "<group>";
		};
		037C687F29618991004E4C38 /* Model */ = {
			isa = PBXGroup;
			children = (
			);
			path = Model;
			sourceTree = "<group>";
		};
		037C68802961899A004E4C38 /* Service */ = {
			isa = PBXGroup;
			children = (
			);
			path = Service;
			sourceTree = "<group>";
		};
		037C6881296189A3004E4C38 /* Core */ = {
			isa = PBXGroup;
			children = (
				037C6882296189AA004E4C38 /* Components */,
				037C6891296192B5004E4C38 /* Profile */,
				037C6890296192B0004E4C38 /* Messages */,
				037C688F296192A9004E4C38 /* Notifications */,
				037C688E296192A2004E4C38 /* Explore */,
				037C688B296191D1004E4C38 /* MainTab */,
				037C6883296189B1004E4C38 /* Feed */,
			);
			path = Core;
			sourceTree = "<group>";
		};
		037C6882296189AA004E4C38 /* Components */ = {
			isa = PBXGroup;
			children = (
				037C688829618AEF004E4C38 /* Tweets */,
			);
			path = Components;
			sourceTree = "<group>";
		};
		037C6883296189B1004E4C38 /* Feed */ = {
			isa = PBXGroup;
			children = (
				037C688429618A19004E4C38 /* ViewModels */,
				037C688529618A22004E4C38 /* View */,
			);
			path = Feed;
			sourceTree = "<group>";
		};
		037C688429618A19004E4C38 /* ViewModels */ = {
			isa = PBXGroup;
			children = (
			);
			path = ViewModels;
			sourceTree = "<group>";
		};
		037C688529618A22004E4C38 /* View */ = {
			isa = PBXGroup;
			children = (
				037C688629618A49004E4C38 /* FeedView.swift */,
			);
			path = View;
			sourceTree = "<group>";
		};
		037C688829618AEF004E4C38 /* Tweets */ = {
			isa = PBXGroup;
			children = (
				037C688929618B85004E4C38 /* TweetRowView.swift */,
			);
			path = Tweets;
			sourceTree = "<group>";
		};
		037C688B296191D1004E4C38 /* MainTab */ = {
			isa = PBXGroup;
			children = (
				037C688C296191E9004E4C38 /* MainTabView.swift */,
			);
			path = MainTab;
			sourceTree = "<group>";
		};
		037C688E296192A2004E4C38 /* Explore */ = {
			isa = PBXGroup;
			children = (
				037C6892296192D1004E4C38 /* ExploreView.swift */,
			);
			path = Explore;
			sourceTree = "<group>";
		};
		037C688F296192A9004E4C38 /* Notifications */ = {
			isa = PBXGroup;
			children = (
				037C6894296192E5004E4C38 /* NotificationsView.swift */,
			);
			path = Notifications;
			sourceTree = "<group>";
		};
		037C6890296192B0004E4C38 /* Messages */ = {
			isa = PBXGroup;
			children = (
				037C6896296192F7004E4C38 /* MessagesView.swift */,
			);
			path = Messages;
			sourceTree = "<group>";
		};
		037C6891296192B5004E4C38 /* Profile */ = {
			isa = PBXGroup;
			children = (
				037C68982961960F004E4C38 /* ViewModels */,
				037C689929619616004E4C38 /* Views */,
			);
			path = Profile;
			sourceTree = "<group>";
		};
		037C68982961960F004E4C38 /* ViewModels */ = {
			isa = PBXGroup;
			children = (
			);
			path = ViewModels;
			sourceTree = "<group>";
		};
		037C689929619616004E4C38 /* Views */ = {
			isa = PBXGroup;
			children = (
				037C689A29619624004E4C38 /* ProfileView.swift */,
			);
			path = Views;
			sourceTree = "<group>";
		};
/* End PBXGroup section */

/* Begin PBXNativeTarget section */
		037C686C29618957004E4C38 /* TwitterSwiftUI */ = {
			isa = PBXNativeTarget;
			buildConfigurationList = 037C687B29618957004E4C38 /* Build configuration list for PBXNativeTarget "TwitterSwiftUI" */;
			buildPhases = (
				037C686929618957004E4C38 /* Sources */,
				037C686A29618957004E4C38 /* Frameworks */,
				037C686B29618957004E4C38 /* Resources */,
			);
			buildRules = (
			);
			dependencies = (
			);
			name = TwitterSwiftUI;
			productName = TwitterSwiftUI;
			productReference = 037C686D29618957004E4C38 /* TwitterSwiftUI.app */;
			productType = "com.apple.product-type.application";
		};
/* End PBXNativeTarget section */

/* Begin PBXProject section */
		037C686529618956004E4C38 /* Project object */ = {
			isa = PBXProject;
			attributes = {
				BuildIndependentTargetsInParallel = 1;
				LastSwiftUpdateCheck = 1420;
				LastUpgradeCheck = 1420;
				TargetAttributes = {
					037C686C29618957004E4C38 = {
						CreatedOnToolsVersion = 14.2;
					};
				};
			};
			buildConfigurationList = 037C686829618956004E4C38 /* Build configuration list for PBXProject "TwitterSwiftUI" */;
			compatibilityVersion = "Xcode 14.0";
			developmentRegion = en;
			hasScannedForEncodings = 0;
			knownRegions = (
				en,
				Base,
			);
			mainGroup = 037C686429618956004E4C38;
			productRefGroup = 037C686E29618957004E4C38 /* Products */;
			projectDirPath = "";
			projectRoot = "";
			targets = (
				037C686C29618957004E4C38 /* TwitterSwiftUI */,
			);
		};
/* End PBXProject section */

/* Begin PBXResourcesBuildPhase section */
		037C686B29618957004E4C38 /* Resources */ = {
			isa = PBXResourcesBuildPhase;
			buildActionMask = 2147483647;
			files = (
				037C687829618957004E4C38 /* Preview Assets.xcassets in Resources */,
				037C687529618957004E4C38 /* Assets.xcassets in Resources */,
			);
			runOnlyForDeploymentPostprocessing = 0;
		};
/* End PBXResourcesBuildPhase section */

/* Begin PBXSourcesBuildPhase section */
		037C686929618957004E4C38 /* Sources */ = {
			isa = PBXSourcesBuildPhase;
			buildActionMask = 2147483647;
			files = (
				037C6897296192F7004E4C38 /* MessagesView.swift in Sources */,
				037C689B29619624004E4C38 /* ProfileView.swift in Sources */,
				037C687329618957004E4C38 /* ContentView.swift in Sources */,
				037C6895296192E5004E4C38 /* NotificationsView.swift in Sources */,
				037C688A29618B85004E4C38 /* TweetRowView.swift in Sources */,
				037C688729618A49004E4C38 /* FeedView.swift in Sources */,
				037C687129618957004E4C38 /* TwitterSwiftUIApp.swift in Sources */,
				037C6893296192D1004E4C38 /* ExploreView.swift in Sources */,
				037C688D296191E9004E4C38 /* MainTabView.swift in Sources */,
			);
			runOnlyForDeploymentPostprocessing = 0;
		};
/* End PBXSourcesBuildPhase section */

/* Begin XCBuildConfiguration section */
		037C687929618957004E4C38 /* Debug */ = {
			isa = XCBuildConfiguration;
			buildSettings = {
				ALWAYS_SEARCH_USER_PATHS = NO;
				CLANG_ANALYZER_NONNULL = YES;
				CLANG_ANALYZER_NUMBER_OBJECT_CONVERSION = YES_AGGRESSIVE;
				CLANG_CXX_LANGUAGE_STANDARD = "gnu++20";
				CLANG_ENABLE_MODULES = YES;
				CLANG_ENABLE_OBJC_ARC = YES;
				CLANG_ENABLE_OBJC_WEAK = YES;
				CLANG_WARN_BLOCK_CAPTURE_AUTORELEASING = YES;
				CLANG_WARN_BOOL_CONVERSION = YES;
				CLANG_WARN_COMMA = YES;
				CLANG_WARN_CONSTANT_CONVERSION = YES;
				CLANG_WARN_DEPRECATED_OBJC_IMPLEMENTATIONS = YES;
				CLANG_WARN_DIRECT_OBJC_ISA_USAGE = YES_ERROR;
				CLANG_WARN_DOCUMENTATION_COMMENTS = YES;
				CLANG_WARN_EMPTY_BODY = YES;
				CLANG_WARN_ENUM_CONVERSION = YES;
				CLANG_WARN_INFINITE_RECURSION = YES;
				CLANG_WARN_INT_CONVERSION = YES;
				CLANG_WARN_NON_LITERAL_NULL_CONVERSION = YES;
				CLANG_WARN_OBJC_IMPLICIT_RETAIN_SELF = YES;
				CLANG_WARN_OBJC_LITERAL_CONVERSION = YES;
				CLANG_WARN_OBJC_ROOT_CLASS = YES_ERROR;
				CLANG_WARN_QUOTED_INCLUDE_IN_FRAMEWORK_HEADER = YES;
				CLANG_WARN_RANGE_LOOP_ANALYSIS = YES;
				CLANG_WARN_STRICT_PROTOTYPES = YES;
				CLANG_WARN_SUSPICIOUS_MOVE = YES;
				CLANG_WARN_UNGUARDED_AVAILABILITY = YES_AGGRESSIVE;
				CLANG_WARN_UNREACHABLE_CODE = YES;
				CLANG_WARN__DUPLICATE_METHOD_MATCH = YES;
				COPY_PHASE_STRIP = NO;
				DEBUG_INFORMATION_FORMAT = dwarf;
				ENABLE_STRICT_OBJC_MSGSEND = YES;
				ENABLE_TESTABILITY = YES;
				GCC_C_LANGUAGE_STANDARD = gnu11;
				GCC_DYNAMIC_NO_PIC = NO;
				GCC_NO_COMMON_BLOCKS = YES;
				GCC_OPTIMIZATION_LEVEL = 0;
				GCC_PREPROCESSOR_DEFINITIONS = (
					"DEBUG=1",
					"$(inherited)",
				);
				GCC_WARN_64_TO_32_BIT_CONVERSION = YES;
				GCC_WARN_ABOUT_RETURN_TYPE = YES_ERROR;
				GCC_WARN_UNDECLARED_SELECTOR = YES;
				GCC_WARN_UNINITIALIZED_AUTOS = YES_AGGRESSIVE;
				GCC_WARN_UNUSED_FUNCTION = YES;
				GCC_WARN_UNUSED_VARIABLE = YES;
				IPHONEOS_DEPLOYMENT_TARGET = 16.2;
				MTL_ENABLE_DEBUG_INFO = INCLUDE_SOURCE;
				MTL_FAST_MATH = YES;
				ONLY_ACTIVE_ARCH = YES;
				SDKROOT = iphoneos;
				SWIFT_ACTIVE_COMPILATION_CONDITIONS = DEBUG;
				SWIFT_OPTIMIZATION_LEVEL = "-Onone";
			};
			name = Debug;
		};
		037C687A29618957004E4C38 /* Release */ = {
			isa = XCBuildConfiguration;
			buildSettings = {
				ALWAYS_SEARCH_USER_PATHS = NO;
				CLANG_ANALYZER_NONNULL = YES;
				CLANG_ANALYZER_NUMBER_OBJECT_CONVERSION = YES_AGGRESSIVE;
				CLANG_CXX_LANGUAGE_STANDARD = "gnu++20";
				CLANG_ENABLE_MODULES = YES;
				CLANG_ENABLE_OBJC_ARC = YES;
				CLANG_ENABLE_OBJC_WEAK = YES;
				CLANG_WARN_BLOCK_CAPTURE_AUTORELEASING = YES;
				CLANG_WARN_BOOL_CONVERSION = YES;
				CLANG_WARN_COMMA = YES;
				CLANG_WARN_CONSTANT_CONVERSION = YES;
				CLANG_WARN_DEPRECATED_OBJC_IMPLEMENTATIONS = YES;
				CLANG_WARN_DIRECT_OBJC_ISA_USAGE = YES_ERROR;
				CLANG_WARN_DOCUMENTATION_COMMENTS = YES;
				CLANG_WARN_EMPTY_BODY = YES;
				CLANG_WARN_ENUM_CONVERSION = YES;
				CLANG_WARN_INFINITE_RECURSION = YES;
				CLANG_WARN_INT_CONVERSION = YES;
				CLANG_WARN_NON_LITERAL_NULL_CONVERSION = YES;
				CLANG_WARN_OBJC_IMPLICIT_RETAIN_SELF = YES;
				CLANG_WARN_OBJC_LITERAL_CONVERSION = YES;
				CLANG_WARN_OBJC_ROOT_CLASS = YES_ERROR;
				CLANG_WARN_QUOTED_INCLUDE_IN_FRAMEWORK_HEADER = YES;
				CLANG_WARN_RANGE_LOOP_ANALYSIS = YES;
				CLANG_WARN_STRICT_PROTOTYPES = YES;
				CLANG_WARN_SUSPICIOUS_MOVE = YES;
				CLANG_WARN_UNGUARDED_AVAILABILITY = YES_AGGRESSIVE;
				CLANG_WARN_UNREACHABLE_CODE = YES;
				CLANG_WARN__DUPLICATE_METHOD_MATCH = YES;
				COPY_PHASE_STRIP = NO;
				DEBUG_INFORMATION_FORMAT = "dwarf-with-dsym";
				ENABLE_NS_ASSERTIONS = NO;
				ENABLE_STRICT_OBJC_MSGSEND = YES;
				GCC_C_LANGUAGE_STANDARD = gnu11;
				GCC_NO_COMMON_BLOCKS = YES;
				GCC_WARN_64_TO_32_BIT_CONVERSION = YES;
				GCC_WARN_ABOUT_RETURN_TYPE = YES_ERROR;
				GCC_WARN_UNDECLARED_SELECTOR = YES;
				GCC_WARN_UNINITIALIZED_AUTOS = YES_AGGRESSIVE;
				GCC_WARN_UNUSED_FUNCTION = YES;
				GCC_WARN_UNUSED_VARIABLE = YES;
				IPHONEOS_DEPLOYMENT_TARGET = 16.2;
				MTL_ENABLE_DEBUG_INFO = NO;
				MTL_FAST_MATH = YES;
				SDKROOT = iphoneos;
				SWIFT_COMPILATION_MODE = wholemodule;
				SWIFT_OPTIMIZATION_LEVEL = "-O";
				VALIDATE_PRODUCT = YES;
			};
			name = Release;
		};
		037C687C29618957004E4C38 /* Debug */ = {
			isa = XCBuildConfiguration;
			buildSettings = {
				ASSETCATALOG_COMPILER_APPICON_NAME = AppIcon;
				ASSETCATALOG_COMPILER_GLOBAL_ACCENT_COLOR_NAME = AccentColor;
				CODE_SIGN_STYLE = Automatic;
				CURRENT_PROJECT_VERSION = 1;
				DEVELOPMENT_ASSET_PATHS = "\"TwitterSwiftUI/Preview Content\"";
				DEVELOPMENT_TEAM = QV6YG7T84D;
				ENABLE_PREVIEWS = YES;
				GENERATE_INFOPLIST_FILE = YES;
				INFOPLIST_KEY_UIApplicationSceneManifest_Generation = YES;
				INFOPLIST_KEY_UIApplicationSupportsIndirectInputEvents = YES;
				INFOPLIST_KEY_UILaunchScreen_Generation = YES;
				INFOPLIST_KEY_UISupportedInterfaceOrientations_iPad = "UIInterfaceOrientationPortrait UIInterfaceOrientationPortraitUpsideDown UIInterfaceOrientationLandscapeLeft UIInterfaceOrientationLandscapeRight";
				INFOPLIST_KEY_UISupportedInterfaceOrientations_iPhone = "UIInterfaceOrientationPortrait UIInterfaceOrientationLandscapeLeft UIInterfaceOrientationLandscapeRight";
				LD_RUNPATH_SEARCH_PATHS = (
					"$(inherited)",
					"@executable_path/Frameworks",
				);
				MARKETING_VERSION = 1.0;
				PRODUCT_BUNDLE_IDENTIFIER = com.amirkaidarov.TwitterSwiftUI;
				PRODUCT_NAME = "$(TARGET_NAME)";
				SWIFT_EMIT_LOC_STRINGS = YES;
				SWIFT_VERSION = 5.0;
				TARGETED_DEVICE_FAMILY = "1,2";
			};
			name = Debug;
		};
		037C687D29618957004E4C38 /* Release */ = {
			isa = XCBuildConfiguration;
			buildSettings = {
				ASSETCATALOG_COMPILER_APPICON_NAME = AppIcon;
				ASSETCATALOG_COMPILER_GLOBAL_ACCENT_COLOR_NAME = AccentColor;
				CODE_SIGN_STYLE = Automatic;
				CURRENT_PROJECT_VERSION = 1;
				DEVELOPMENT_ASSET_PATHS = "\"TwitterSwiftUI/Preview Content\"";
				DEVELOPMENT_TEAM = QV6YG7T84D;
				ENABLE_PREVIEWS = YES;
				GENERATE_INFOPLIST_FILE = YES;
				INFOPLIST_KEY_UIApplicationSceneManifest_Generation = YES;
				INFOPLIST_KEY_UIApplicationSupportsIndirectInputEvents = YES;
				INFOPLIST_KEY_UILaunchScreen_Generation = YES;
				INFOPLIST_KEY_UISupportedInterfaceOrientations_iPad = "UIInterfaceOrientationPortrait UIInterfaceOrientationPortraitUpsideDown UIInterfaceOrientationLandscapeLeft UIInterfaceOrientationLandscapeRight";
				INFOPLIST_KEY_UISupportedInterfaceOrientations_iPhone = "UIInterfaceOrientationPortrait UIInterfaceOrientationLandscapeLeft UIInterfaceOrientationLandscapeRight";
				LD_RUNPATH_SEARCH_PATHS = (
					"$(inherited)",
					"@executable_path/Frameworks",
				);
				MARKETING_VERSION = 1.0;
				PRODUCT_BUNDLE_IDENTIFIER = com.amirkaidarov.TwitterSwiftUI;
				PRODUCT_NAME = "$(TARGET_NAME)";
				SWIFT_EMIT_LOC_STRINGS = YES;
				SWIFT_VERSION = 5.0;
				TARGETED_DEVICE_FAMILY = "1,2";
			};
			name = Release;
		};
/* End XCBuildConfiguration section */

/* Begin XCConfigurationList section */
		037C686829618956004E4C38 /* Build configuration list for PBXProject "TwitterSwiftUI" */ = {
			isa = XCConfigurationList;
			buildConfigurations = (
				037C687929618957004E4C38 /* Debug */,
				037C687A29618957004E4C38 /* Release */,
			);
			defaultConfigurationIsVisible = 0;
			defaultConfigurationName = Release;
		};
		037C687B29618957004E4C38 /* Build configuration list for PBXNativeTarget "TwitterSwiftUI" */ = {
			isa = XCConfigurationList;
			buildConfigurations = (
				037C687C29618957004E4C38 /* Debug */,
				037C687D29618957004E4C38 /* Release */,
			);
			defaultConfigurationIsVisible = 0;
			defaultConfigurationName = Release;
		};
/* End XCConfigurationList section */
	};
	rootObject = 037C686529618956004E4C38 /* Project object */;
}
